
Microsoft Visual Studio Solution File, Format Version 12.00
# Visual Studio Version 16
VisualStudioVersion = 16.0.34601.136
MinimumVisualStudioVersion = 10.0.40219.1
Project("{FAE04EC0-301F-11D3-BF4B-00C04F79EFBC}") = "ManusFinalProject", "ManusFinalProject\ManusFinalProject.csproj", "{C383B6BD-1A16-4005-B5A6-59D4240E417F}"
EndProject
Global
	GlobalSection(SolutionConfigurationPlatforms) = preSolution
		Debug|Any CPU = Debug|Any CPU
		Release|Any CPU = Release|Any CPU
	EndGlobalSection
	GlobalSection(ProjectConfigurationPlatforms) = postSolution
		{C383B6BD-1A16-4005-B5A6-59D4240E417F}.Debug|Any CPU.ActiveCfg = Debug|Any CPU
		{C383B6BD-1A16-4005-B5A6-59D4240E417F}.Debug|Any CPU.Build.0 = Debug|Any CPU
		{C383B6BD-1A16-4005-B5A6-59D4240E417F}.Release|Any CPU.ActiveCfg = Release|Any CPU
		{C383B6BD-1A16-4005-B5A6-59D4240E417F}.Release|Any CPU.Build.0 = Release|Any CPU
	EndGlobalSection
	GlobalSection(SolutionProperties) = preSolution
		HideSolutionNode = FALSE
	EndGlobalSection
	GlobalSection(ExtensibilityGlobals) = postSolution
		SolutionGuid = {3B0F3D86-B9EF-46B7-BEA5-F32709AA3311}
	EndGlobalSection
EndGlobal
